{
  "name": "tnid-site",
  "version": "0.0.0",
  "lockfileVersion": 3,
  "requires": true,
  "packages": {
    "": {
      "name": "tnid-site",
      "version": "0.0.0",
      "license": "MIT",
      "dependencies": {
        "@picocss/pico": "^2.1.1",
        "@tnid/core": "^0.0.9",
        "@tnid/wasm": "^0.0.9",
        "preact": "^10.28.2"
      }
    },
    "node_modules/@picocss/pico": {
      "version": "2.1.1",
      "resolved": "https://registry.npmjs.org/@picocss/pico/-/pico-2.1.1.tgz",
      "integrity": "sha512-kIDugA7Ps4U+2BHxiNHmvgPIQDWPDU4IeU6TNRdvXQM1uZX+FibqDQT2xUOnnO2yq/LUHcwnGlu1hvf4KfXnMg==",
      "license": "MIT"
    },
    "node_modules/@tnid/core": {
      "version": "0.0.9",
      "resolved": "https://registry.npmjs.org/@tnid/core/-/core-0.0.9.tgz",
      "integrity": "sha512-ni4TAHFB2ZdpVKQUSBrHtdsDJVk+bNCzzJNv0eVTJsRW0xbK8mAwmfEZlKGiKiIu/pIU4asqvSQHzcuQ4lqK7g==",
      "license": "MIT",
      "engines": {
        "node": ">=20"
      }
    },
    "node_modules/@tnid/wasm": {
      "version": "0.0.9",
      "resolved": "https://registry.npmjs.org/@tnid/wasm/-/wasm-0.0.9.tgz",
      "integrity": "sha512-BOWqjchVU0AuSmJkGqx+mw44L8m3E++gSmWRs+xDx79EseBmiJyTlBgrLtIRl15WzajfBEmFVz2L54tKoZX0bg==",
      "license": "MIT",
      "engines": {
        "node": ">=20"
      },
      "peerDependencies": {
        "@tnid/core": "^0.0.9"
      }
    },
    "node_modules/preact": {
      "version": "10.28.2",
      "resolved": "https://registry.npmjs.org/preact/-/preact-10.28.2.tgz",
      "integrity": "sha512-lbteaWGzGHdlIuiJ0l2Jq454m6kcpI1zNje6d8MlGAFlYvP2GO4ibnat7P74Esfz4sPTdM6UxtTwh/d3pwM9JA==",
      "license": "MIT",
      "funding": {
        "type": "opencollective",
        "url": "https://opencollective.com/preact"
      }
    }
  }
}
